<?xml version="1.0" encoding="utf-8"?>
<Project ToolsVersion="4.0" xmlns="http://schemas.microsoft.com/developer/msbuild/2003">
  <ItemGroup>
    <Filter Include="Platform">
      <UniqueIdentifier>{2AC788B4-1694-E3BF-3FAD-D1672BD9184E}</UniqueIdentifier>
    </Filter>
    <Filter Include="Platform\Windows">
      <UniqueIdentifier>{64FBD71A-50F4-F66C-7926-DCF1657ED678}</UniqueIdentifier>
    </Filter>
    <Filter Include="Ume">
      <UniqueIdentifier>{EC2A880B-5834-887C-E1AF-9E7C4DB8937C}</UniqueIdentifier>
    </Filter>
    <Filter Include="Ume\Events">
      <UniqueIdentifier>{50D59A27-3C8D-DC74-A594-B5D0916B7765}</UniqueIdentifier>
    </Filter>
    <Filter Include="Ume\ImGui">
      <UniqueIdentifier>{16213809-828B-EC7F-CBC9-9D253773CAD4}</UniqueIdentifier>
    </Filter>
  </ItemGroup>
  <ItemGroup>
    <ClInclude Include="src\Platform\Windows\WindowsInput.h">
      <Filter>Platform\Windows</Filter>
    </ClInclude>
    <ClInclude Include="src\Platform\Windows\WindowsWindow.h">
      <Filter>Platform\Windows</Filter>
    </ClInclude>
    <ClInclude Include="src\Ume.h" />
    <ClInclude Include="src\Ume\Application.h">
      <Filter>Ume</Filter>
    </ClInclude>
    <ClInclude Include="src\Ume\Core.h">
      <Filter>Ume</Filter>
    </ClInclude>
    <ClInclude Include="src\Ume\EntryPoint.h">
      <Filter>Ume</Filter>
    </ClInclude>
    <ClInclude Include="src\Ume\Events\ApplicationEvent.h">
      <Filter>Ume\Events</Filter>
    </ClInclude>
    <ClInclude Include="src\Ume\Events\Event.h">
      <Filter>Ume\Events</Filter>
    </ClInclude>
    <ClInclude Include="src\Ume\Events\KeyEvent.h">
      <Filter>Ume\Events</Filter>
    </ClInclude>
    <ClInclude Include="src\Ume\Events\MouseEvent.h">
      <Filter>Ume\Events</Filter>
    </ClInclude>
    <ClInclude Include="src\Ume\ImGui\ImGuiLayer.h">
      <Filter>Ume\ImGui</Filter>
    </ClInclude>
    <ClInclude Include="src\Ume\Input.h">
      <Filter>Ume</Filter>
    </ClInclude>
    <ClInclude Include="src\Ume\KeyCodes.h">
      <Filter>Ume</Filter>
    </ClInclude>
    <ClInclude Include="src\Ume\Layer.h">
      <Filter>Ume</Filter>
    </ClInclude>
    <ClInclude Include="src\Ume\LayerStack.h">
      <Filter>Ume</Filter>
    </ClInclude>
    <ClInclude Include="src\Ume\Log.h">
      <Filter>Ume</Filter>
    </ClInclude>
    <ClInclude Include="src\Ume\MouseButtonCodes.h">
      <Filter>Ume</Filter>
    </ClInclude>
    <ClInclude Include="src\Ume\Window.h">
      <Filter>Ume</Filter>
    </ClInclude>
    <ClInclude Include="src\umepch.h" />
    <ClInclude Include="src\Ume\Renderer\GraphicsContext.h" />
    <ClInclude Include="src\Platform\OpenGL\OpenGLContext.h" />
    <ClInclude Include="src\Ume\Renderer\Shader.h" />
    <ClInclude Include="src\Ume\Renderer\Buffer.h" />
    <ClInclude Include="src\Platform\OpenGL\OpenGLBuffer.h" />
    <ClInclude Include="src\Ume\Renderer\Renderer.h" />
    <ClInclude Include="src\Ume\Renderer\VertexArray.h" />
    <ClInclude Include="src\Platform\OpenGL\OpenGLVertexArray.h" />
    <ClInclude Include="src\Ume\Renderer\RendererAPI.h" />
    <ClInclude Include="src\Platform\OpenGL\OpenGLRendererAPI.h" />
    <ClInclude Include="src\Ume\Renderer\RenderCommand.h" />
    <ClInclude Include="src\Ume\Renderer\Camera.h" />
    <ClInclude Include="src\Ume\Renderer\PerspectiveCamera.h" />
    <ClInclude Include="src\Ume\Core\Timestep.h" />
    <ClInclude Include="src\Platform\OpenGL\OpenGLShader.h" />
  </ItemGroup>
  <ItemGroup>
    <ClCompile Include="src\Platform\Windows\WindowsInput.cpp">
      <Filter>Platform\Windows</Filter>
    </ClCompile>
    <ClCompile Include="src\Platform\Windows\WindowsWindow.cpp">
      <Filter>Platform\Windows</Filter>
    </ClCompile>
    <ClCompile Include="src\Ume\Application.cpp">
      <Filter>Ume</Filter>
    </ClCompile>
    <ClCompile Include="src\Ume\ImGui\ImGuiBuild.cpp">
      <Filter>Ume\ImGui</Filter>
    </ClCompile>
    <ClCompile Include="src\Ume\ImGui\ImGuiLayer.cpp">
      <Filter>Ume\ImGui</Filter>
    </ClCompile>
    <ClCompile Include="src\Ume\Layer.cpp">
      <Filter>Ume</Filter>
    </ClCompile>
    <ClCompile Include="src\Ume\LayerStack.cpp">
      <Filter>Ume</Filter>
    </ClCompile>
    <ClCompile Include="src\Ume\Log.cpp">
      <Filter>Ume</Filter>
    </ClCompile>
    <ClCompile Include="src\umepch.cpp" />
    <ClCompile Include="src\Platform\OpenGL\OpenGLContext.cpp" />
    <ClCompile Include="src\Ume\Renderer\Shader.cpp" />
    <ClCompile Include="src\Ume\Renderer\Buffer.cpp" />
    <ClCompile Include="src\Platform\OpenGL\OpenGLBuffer.cpp" />
    <ClCompile Include="src\Ume\Renderer\Renderer.cpp" />
    <ClCompile Include="src\Ume\Renderer\VertexArray.cpp" />
    <ClCompile Include="src\Platform\OpenGL\OpenGLVertexArray.cpp" />
    <ClCompile Include="src\Ume\Renderer\RendererAPI.cpp" />
    <ClCompile Include="src\Platform\OpenGL\OpenGLRendererAPI.cpp" />
    <ClCompile Include="src\Ume\Renderer\RenderCommand.cpp" />
    <ClCompile Include="src\Ume\Renderer\PerspectiveCamera.cpp" />
    <ClCompile Include="src\Platform\OpenGL\OpenGLShader.cpp" />
  </ItemGroup>
</Project>