<?xml version="1.0" encoding="utf-8"?>
<Project ToolsVersion="4.0" xmlns="http://schemas.microsoft.com/developer/msbuild/2003">
  <ItemGroup>
    <Filter Include="Platform">
      <UniqueIdentifier>{2AC788B4-1694-E3BF-3FAD-D1672BD9184E}</UniqueIdentifier>
    </Filter>
    <Filter Include="Platform\OpenGL">
      <UniqueIdentifier>{1E7D2C1D-8A08-9AE1-9319-1DD6FF23F6E1}</UniqueIdentifier>
    </Filter>
    <Filter Include="Platform\Windows">
      <UniqueIdentifier>{64FBD71A-50F4-F66C-7926-DCF1657ED678}</UniqueIdentifier>
    </Filter>
    <Filter Include="Ume">
      <UniqueIdentifier>{EC2A880B-5834-887C-E1AF-9E7C4DB8937C}</UniqueIdentifier>
    </Filter>
    <Filter Include="Ume\Events">
      <UniqueIdentifier>{50D59A27-3C8D-DC74-A594-B5D0916B7765}</UniqueIdentifier>
    </Filter>
    <Filter Include="Ume\ImGUi">
      <UniqueIdentifier>{F61C3809-6287-EC7F-ABC5-9D25176FCAD4}</UniqueIdentifier>
    </Filter>
  </ItemGroup>
  <ItemGroup>
    <ClInclude Include="src\Platform\OpenGL\ImGuiOpenGLRenderer.h">
      <Filter>Platform\OpenGL</Filter>
    </ClInclude>
    <ClInclude Include="src\Platform\Windows\WindowsWindow.h">
      <Filter>Platform\Windows</Filter>
    </ClInclude>
    <ClInclude Include="src\Ume.h" />
    <ClInclude Include="src\Ume\Application.h">
      <Filter>Ume</Filter>
    </ClInclude>
    <ClInclude Include="src\Ume\Core.h">
      <Filter>Ume</Filter>
    </ClInclude>
    <ClInclude Include="src\Ume\EntryPoint.h">
      <Filter>Ume</Filter>
    </ClInclude>
    <ClInclude Include="src\Ume\Events\ApplicationEvent.h">
      <Filter>Ume\Events</Filter>
    </ClInclude>
    <ClInclude Include="src\Ume\Events\Event.h">
      <Filter>Ume\Events</Filter>
    </ClInclude>
    <ClInclude Include="src\Ume\Events\KeyEvent.h">
      <Filter>Ume\Events</Filter>
    </ClInclude>
    <ClInclude Include="src\Ume\Events\MouseEvent.h">
      <Filter>Ume\Events</Filter>
    </ClInclude>
    <ClInclude Include="src\Ume\ImGui\ImGuiLayer.h">
      <Filter>Ume\ImGUi</Filter>
    </ClInclude>
    <ClInclude Include="src\Ume\Layer.h">
      <Filter>Ume</Filter>
    </ClInclude>
    <ClInclude Include="src\Ume\LayerStack.h">
      <Filter>Ume</Filter>
    </ClInclude>
    <ClInclude Include="src\Ume\Log.h">
      <Filter>Ume</Filter>
    </ClInclude>
    <ClInclude Include="src\Ume\Window.h">
      <Filter>Ume</Filter>
    </ClInclude>
    <ClInclude Include="src\umepch.h" />
  </ItemGroup>
  <ItemGroup>
    <ClCompile Include="src\Platform\OpenGL\ImGuiOpenGLRenderer.cpp">
      <Filter>Platform\OpenGL</Filter>
    </ClCompile>
    <ClCompile Include="src\Platform\Windows\WindowsWindow.cpp">
      <Filter>Platform\Windows</Filter>
    </ClCompile>
    <ClCompile Include="src\Ume\Application.cpp">
      <Filter>Ume</Filter>
    </ClCompile>
    <ClCompile Include="src\Ume\ImGui\ImGuiLayer.cpp">
      <Filter>Ume\ImGUi</Filter>
    </ClCompile>
    <ClCompile Include="src\Ume\Layer.cpp">
      <Filter>Ume</Filter>
    </ClCompile>
    <ClCompile Include="src\Ume\LayerStack.cpp">
      <Filter>Ume</Filter>
    </ClCompile>
    <ClCompile Include="src\Ume\Log.cpp">
      <Filter>Ume</Filter>
    </ClCompile>
    <ClCompile Include="src\umepch.cpp" />
  </ItemGroup>
</Project>